{
  "lockfileVersion": 1,
  "dependencies": {
    "cosf": {
      "version": "1.0.2",
      "resolved": "https://registry.npmjs.org/cosf/-/cosf-1.0.2.tgz",
      "integrity": "sha512-N/XAzoUmI67r6kyhUL5j0aACkwzVU8GQMX0xhkFViNImOvSuoHTHTXUH9wBPipJ9ouepIzFBJ7GIHEldPJNZeg=="
    },
    "custom-radix": {
      "version": "1.0.3",
      "resolved": "https://registry.npmjs.org/custom-radix/-/custom-radix-1.0.3.tgz",
      "integrity": "sha1-RfGF3Y6tR22HbvOD2RaNLNqQ3w8="
    },
    "object-manipulation": {
      "version": "1.1.2",
      "resolved": "https://registry.npmjs.org/object-manipulation/-/object-manipulation-1.1.2.tgz",
      "integrity": "sha1-lNWx2BojUBkzmxE0MJYIIxvQpR8="
    }
  }
}
